<?xml version="1.0" encoding="UTF-8" standalone="yes" ?>
<CodeBlocks_project_file>
	<FileVersion major="1" minor="6" />
	<Project>
		<Option title="DE_APP" />
		<Option pch_mode="2" />
		<Option compiler="gcc" />
		<Build>
			<Target title="Debug">
				<Option output="bin/Debug/DE_APP" prefix_auto="1" extension_auto="1" />
				<Option object_output="obj/Debug/" />
				<Option type="1" />
				<Option compiler="gcc" />
				<Option parameters="STEREO_GIF IMAGE data/art1.png data/art5.png" />
				<Compiler>
					<Add option="-Wall" />
					<Add option="-g" />
				</Compiler>
			</Target>
			<Target title="Release">
				<Option output="bin/Release/DE_APP" prefix_auto="1" extension_auto="1" />
				<Option object_output="obj/Release/" />
				<Option type="1" />
				<Option compiler="gcc" />
				<Option parameters="STEREO_GIF IMAGE data/teddy2.png data/teddy6.png" />
				<Compiler>
					<Add option="-O3" />
				</Compiler>
			</Target>
		</Build>
		<Compiler>
			<Add option="-std=c++0x" />
			<Add option="`pkg-config --cflags opencv`" />
			<Add directory="include" />
			<Add directory="src" />
		</Compiler>
		<Linker>
			<Add option="-lpthread -lrt -lOpenCL" />
			<Add option="`pkg-config --libs opencv`" />
			<Add directory="/usr/local/lib" />
		</Linker>
		<Unit filename="include/CVC.h" />
		<Unit filename="include/CVC_cl.h" />
		<Unit filename="include/CVF.h" />
		<Unit filename="include/CVF_cl.h" />
		<Unit filename="include/ComFunc.h" />
		<Unit filename="include/DispEst.h" />
		<Unit filename="include/DispSel.h" />
		<Unit filename="include/DispSel_cl.h" />
		<Unit filename="include/PP.h" />
		<Unit filename="include/StereoCalib.h" />
		<Unit filename="include/StereoMatch.h" />
		<Unit filename="include/common.h" />
		<Unit filename="src/CVC.cpp" />
		<Unit filename="src/CVC_cl.cpp" />
		<Unit filename="src/CVF.cpp" />
		<Unit filename="src/CVF_cl.cpp" />
		<Unit filename="src/DispEst.cpp" />
		<Unit filename="src/DispSel.cpp" />
		<Unit filename="src/DispSel_cl.cpp" />
		<Unit filename="src/PP.cpp" />
		<Unit filename="src/StereoCalib.cpp" />
		<Unit filename="src/StereoMatch.cpp" />
		<Unit filename="src/common.cpp" />
		<Unit filename="src/main.cpp" />
		<Extensions>
			<code_completion />
			<debugger />
		</Extensions>
	</Project>
</CodeBlocks_project_file>
